
Microsoft Visual Studio Solution File, Format Version 12.00
# Visual Studio Version 17
VisualStudioVersion = 17.1.32228.430
MinimumVisualStudioVersion = 10.0.40219.1
Project("{FAE04EC0-301F-11D3-BF4B-00C04F79EFBC}") = "SLD521-FA1-9205", "SLD521-FA1-9205\SLD521-FA1-9205.csproj", "{1AE9FF30-9DBC-4661-A104-9F7C71AE9BEE}"
EndProject
Global
	GlobalSection(SolutionConfigurationPlatforms) = preSolution
		Debug|Any CPU = Debug|Any CPU
		Release|Any CPU = Release|Any CPU
	EndGlobalSection
	GlobalSection(ProjectConfigurationPlatforms) = postSolution
		{1AE9FF30-9DBC-4661-A104-9F7C71AE9BEE}.Debug|Any CPU.ActiveCfg = Debug|Any CPU
		{1AE9FF30-9DBC-4661-A104-9F7C71AE9BEE}.Debug|Any CPU.Build.0 = Debug|Any CPU
		{1AE9FF30-9DBC-4661-A104-9F7C71AE9BEE}.Release|Any CPU.ActiveCfg = Release|Any CPU
		{1AE9FF30-9DBC-4661-A104-9F7C71AE9BEE}.Release|Any CPU.Build.0 = Release|Any CPU
	EndGlobalSection
	GlobalSection(SolutionProperties) = preSolution
		HideSolutionNode = FALSE
	EndGlobalSection
	GlobalSection(ExtensibilityGlobals) = postSolution
		SolutionGuid = {075570FE-C2A8-4B84-98CF-9B45DD51C873}
	EndGlobalSection
EndGlobal
